// !$*UTF8*$!
{
	archiveVersion = 1;
	classes = {
	};
	objectVersion = 56;
	objects = {

/* Begin PBXBuildFile section */
		A10000000000000000000001 /* CraftberryApp.swift in Sources */ = {isa = PBXBuildFile; fileRef = A20000000000000000000001 /* CraftberryApp.swift */; };
		A10000000000000000000002 /* CreationView.swift in Sources */ = {isa = PBXBuildFile; fileRef = A20000000000000000000002 /* CreationView.swift */; };
		A10000000000000000000003 /* CreationViewModel.swift in Sources */ = {isa = PBXBuildFile; fileRef = A20000000000000000000003 /* CreationViewModel.swift */; };
		A10000000000000000000037 /* ExamplePromptLibrary.swift in Sources */ = {isa = PBXBuildFile; fileRef = A20000000000000000000042 /* ExamplePromptLibrary.swift */; };
		A10000000000000000000038 /* ExamplePromptLibraryTests.swift in Sources */ = {isa = PBXBuildFile; fileRef = A20000000000000000000043 /* ExamplePromptLibraryTests.swift */; };
		A10000000000000000000039 /* PixelArtTextureRendererTests.swift in Sources */ = {isa = PBXBuildFile; fileRef = A20000000000000000000044 /* PixelArtTextureRendererTests.swift */; };
		A10000000000000000000004 /* ContentIdentity.swift in Sources */ = {isa = PBXBuildFile; fileRef = A20000000000000000000004 /* ContentIdentity.swift */; };
		A10000000000000000000005 /* ProjectGeneration.swift in Sources */ = {isa = PBXBuildFile; fileRef = A20000000000000000000005 /* ProjectGeneration.swift */; };
		A10000000000000000000006 /* OpenAIResponsesClient.swift in Sources */ = {isa = PBXBuildFile; fileRef = A20000000000000000000006 /* OpenAIResponsesClient.swift */; };
		A10000000000000000000007 /* BinaryEncoding.swift in Sources */ = {isa = PBXBuildFile; fileRef = A20000000000000000000007 /* BinaryEncoding.swift */; };
		A10000000000000000000008 /* PNG.swift in Sources */ = {isa = PBXBuildFile; fileRef = A20000000000000000000008 /* PNG.swift */; };
		A10000000000000000000009 /* ZipArchive.swift in Sources */ = {isa = PBXBuildFile; fileRef = A20000000000000000000009 /* ZipArchive.swift */; };
		A10000000000000000000010 /* BedrockAddOnCompiler.swift in Sources */ = {isa = PBXBuildFile; fileRef = A20000000000000000000010 /* BedrockAddOnCompiler.swift */; };
		A10000000000000000000011 /* ContentIdentityTests.swift in Sources */ = {isa = PBXBuildFile; fileRef = A20000000000000000000011 /* ContentIdentityTests.swift */; };
		A10000000000000000000012 /* BedrockCompilerTests.swift in Sources */ = {isa = PBXBuildFile; fileRef = A20000000000000000000012 /* BedrockCompilerTests.swift */; };
		A10000000000000000000013 /* Assets.xcassets in Resources */ = {isa = PBXBuildFile; fileRef = A20000000000000000000017 /* Assets.xcassets */; };
		A10000000000000000000014 /* AddOnProject.swift in Sources */ = {isa = PBXBuildFile; fileRef = A20000000000000000000018 /* AddOnProject.swift */; };
		A10000000000000000000015 /* BedrockContentProfile.swift in Sources */ = {isa = PBXBuildFile; fileRef = A20000000000000000000019 /* BedrockContentProfile.swift */; };
		A10000000000000000000016 /* AddOnProjectValidation.swift in Sources */ = {isa = PBXBuildFile; fileRef = A20000000000000000000020 /* AddOnProjectValidation.swift */; };
		A10000000000000000000017 /* BedrockDocuments.swift in Sources */ = {isa = PBXBuildFile; fileRef = A20000000000000000000021 /* BedrockDocuments.swift */; };
		A10000000000000000000018 /* AddOnProjectTests.swift in Sources */ = {isa = PBXBuildFile; fileRef = A20000000000000000000022 /* AddOnProjectTests.swift */; };
		A10000000000000000000019 /* OpenAIResponsesClientTests.swift in Sources */ = {isa = PBXBuildFile; fileRef = A20000000000000000000023 /* OpenAIResponsesClientTests.swift */; };
		A10000000000000000000020 /* CreationViewModelTests.swift in Sources */ = {isa = PBXBuildFile; fileRef = A20000000000000000000024 /* CreationViewModelTests.swift */; };
		A10000000000000000000021 /* GeneratedVanillaItemCatalog.swift in Sources */ = {isa = PBXBuildFile; fileRef = A20000000000000000000025 /* GeneratedVanillaItemCatalog.swift */; };
		A10000000000000000000022 /* CraftberryUITests.swift in Sources */ = {isa = PBXBuildFile; fileRef = A20000000000000000000026 /* CraftberryUITests.swift */; };
		A10000000000000000000023 /* MinecraftHandoffUITests.swift in Sources */ = {isa = PBXBuildFile; fileRef = A20000000000000000000028 /* MinecraftHandoffUITests.swift */; };
		A10000000000000000000024 /* MinecraftImportConfig.json in Resources */ = {isa = PBXBuildFile; fileRef = A20000000000000000000029 /* MinecraftImportConfig.json */; };
		A10000000000000000000025 /* MinecraftCoordinateTouchUITests.swift in Sources */ = {isa = PBXBuildFile; fileRef = A20000000000000000000030 /* MinecraftCoordinateTouchUITests.swift */; };
		A10000000000000000000026 /* MinecraftDeviceE2EUITests.swift in Sources */ = {isa = PBXBuildFile; fileRef = A20000000000000000000031 /* MinecraftDeviceE2EUITests.swift */; };
		A10000000000000000000027 /* MinecraftDeviceE2EConfig.json in Resources */ = {isa = PBXBuildFile; fileRef = A20000000000000000000032 /* MinecraftDeviceE2EConfig.json */; };
		A10000000000000000000028 /* MinecraftE2ESupportTests.swift in Sources */ = {isa = PBXBuildFile; fileRef = A20000000000000000000033 /* MinecraftE2ESupportTests.swift */; };
		A10000000000000000000029 /* MinecraftE2EModels.swift in Sources */ = {isa = PBXBuildFile; fileRef = A20000000000000000000034 /* MinecraftE2EModels.swift */; };
		A10000000000000000000030 /* MinecraftCalibratedLayout.swift in Sources */ = {isa = PBXBuildFile; fileRef = A20000000000000000000035 /* MinecraftCalibratedLayout.swift */; };
		A10000000000000000000031 /* MinecraftCraftingPlanCompiler.swift in Sources */ = {isa = PBXBuildFile; fileRef = A20000000000000000000036 /* MinecraftCraftingPlanCompiler.swift */; };
		A10000000000000000000032 /* XCTestEvidenceHelpers.swift in Sources */ = {isa = PBXBuildFile; fileRef = A20000000000000000000037 /* XCTestEvidenceHelpers.swift */; };
		A10000000000000000000033 /* MinecraftCommandKeyboard.swift in Sources */ = {isa = PBXBuildFile; fileRef = A20000000000000000000038 /* MinecraftCommandKeyboard.swift */; };
		A10000000000000000000034 /* MinecraftInspection.swift in Sources */ = {isa = PBXBuildFile; fileRef = A20000000000000000000039 /* MinecraftInspection.swift */; };
		A10000000000000000000035 /* MinecraftE2EHarness.swift in Sources */ = {isa = PBXBuildFile; fileRef = A20000000000000000000040 /* MinecraftE2EHarness.swift */; };
		A10000000000000000000040 /* MinecraftStepExecutor.swift in Sources */ = {isa = PBXBuildFile; fileRef = A20000000000000000000045 /* MinecraftStepExecutor.swift */; };
		A10000000000000000000041 /* MinecraftDebuggerConsole.swift in Sources */ = {isa = PBXBuildFile; fileRef = A20000000000000000000046 /* MinecraftDebuggerConsole.swift */; };
		A10000000000000000000047 /* MinecraftCalibrationProtocol.swift in Sources */ = {isa = PBXBuildFile; fileRef = A20000000000000000000047 /* MinecraftCalibrationProtocol.swift */; };
		A10000000000000000000048 /* MinecraftCalibrationController.swift in Sources */ = {isa = PBXBuildFile; fileRef = A20000000000000000000048 /* MinecraftCalibrationController.swift */; };
		A10000000000000000000049 /* MinecraftCalibrationServer.swift in Sources */ = {isa = PBXBuildFile; fileRef = A20000000000000000000049 /* MinecraftCalibrationServer.swift */; };
		A10000000000000000000050 /* MinecraftCalibrationHarness.swift in Sources */ = {isa = PBXBuildFile; fileRef = A20000000000000000000050 /* MinecraftCalibrationHarness.swift */; };
		A10000000000000000000051 /* MinecraftCalibrationUITests.swift in Sources */ = {isa = PBXBuildFile; fileRef = A20000000000000000000051 /* MinecraftCalibrationUITests.swift */; };
		A10000000000000000000036 /* RecipeBook.swift in Sources */ = {isa = PBXBuildFile; fileRef = A20000000000000000000041 /* RecipeBook.swift */; };
/* End PBXBuildFile section */

/* Begin PBXContainerItemProxy section */
		A90000000000000000000002 /* PBXContainerItemProxy */ = {
			isa = PBXContainerItemProxy;
			containerPortal = A00000000000000000000001 /* Project object */;
			proxyType = 1;
			remoteGlobalIDString = A50000000000000000000001;
			remoteInfo = Craftberry;
		};
		A90000000000000000000003 /* PBXContainerItemProxy */ = {
			isa = PBXContainerItemProxy;
			containerPortal = A00000000000000000000001 /* Project object */;
			proxyType = 1;
			remoteGlobalIDString = A50000000000000000000001;
			remoteInfo = Craftberry;
		};
/* End PBXContainerItemProxy section */

/* Begin PBXFileReference section */
		A20000000000000000000001 /* CraftberryApp.swift */ = {isa = PBXFileReference; lastKnownFileType = sourcecode.swift; path = CraftberryApp.swift; sourceTree = "<group>"; };
		A20000000000000000000002 /* CreationView.swift */ = {isa = PBXFileReference; lastKnownFileType = sourcecode.swift; path = CreationView.swift; sourceTree = "<group>"; };
		A20000000000000000000003 /* CreationViewModel.swift */ = {isa = PBXFileReference; lastKnownFileType = sourcecode.swift; path = CreationViewModel.swift; sourceTree = "<group>"; };
		A20000000000000000000042 /* ExamplePromptLibrary.swift */ = {isa = PBXFileReference; lastKnownFileType = sourcecode.swift; path = ExamplePromptLibrary.swift; sourceTree = "<group>"; };
		A20000000000000000000043 /* ExamplePromptLibraryTests.swift */ = {isa = PBXFileReference; lastKnownFileType = sourcecode.swift; path = ExamplePromptLibraryTests.swift; sourceTree = "<group>"; };
		A20000000000000000000044 /* PixelArtTextureRendererTests.swift */ = {isa = PBXFileReference; lastKnownFileType = sourcecode.swift; path = PixelArtTextureRendererTests.swift; sourceTree = "<group>"; };
		A20000000000000000000004 /* ContentIdentity.swift */ = {isa = PBXFileReference; lastKnownFileType = sourcecode.swift; path = ContentIdentity.swift; sourceTree = "<group>"; };
		A20000000000000000000005 /* ProjectGeneration.swift */ = {isa = PBXFileReference; lastKnownFileType = sourcecode.swift; path = ProjectGeneration.swift; sourceTree = "<group>"; };
		A20000000000000000000006 /* OpenAIResponsesClient.swift */ = {isa = PBXFileReference; lastKnownFileType = sourcecode.swift; path = OpenAIResponsesClient.swift; sourceTree = "<group>"; };
		A20000000000000000000007 /* BinaryEncoding.swift */ = {isa = PBXFileReference; lastKnownFileType = sourcecode.swift; path = BinaryEncoding.swift; sourceTree = "<group>"; };
		A20000000000000000000008 /* PNG.swift */ = {isa = PBXFileReference; lastKnownFileType = sourcecode.swift; path = PNG.swift; sourceTree = "<group>"; };
		A20000000000000000000009 /* ZipArchive.swift */ = {isa = PBXFileReference; lastKnownFileType = sourcecode.swift; path = ZipArchive.swift; sourceTree = "<group>"; };
		A20000000000000000000010 /* BedrockAddOnCompiler.swift */ = {isa = PBXFileReference; lastKnownFileType = sourcecode.swift; path = BedrockAddOnCompiler.swift; sourceTree = "<group>"; };
		A20000000000000000000011 /* ContentIdentityTests.swift */ = {isa = PBXFileReference; lastKnownFileType = sourcecode.swift; path = ContentIdentityTests.swift; sourceTree = "<group>"; };
		A20000000000000000000012 /* BedrockCompilerTests.swift */ = {isa = PBXFileReference; lastKnownFileType = sourcecode.swift; path = BedrockCompilerTests.swift; sourceTree = "<group>"; };
		A20000000000000000000013 /* Info.plist */ = {isa = PBXFileReference; lastKnownFileType = text.plist.xml; path = Info.plist; sourceTree = "<group>"; };
		A20000000000000000000014 /* Debug.xcconfig */ = {isa = PBXFileReference; lastKnownFileType = text.xcconfig; path = Debug.xcconfig; sourceTree = "<group>"; };
		A20000000000000000000015 /* Craftberry.app */ = {isa = PBXFileReference; explicitFileType = wrapper.application; path = Craftberry.app; sourceTree = BUILT_PRODUCTS_DIR; };
		A20000000000000000000016 /* CraftberryTests.xctest */ = {isa = PBXFileReference; explicitFileType = wrapper.cfbundle; path = CraftberryTests.xctest; sourceTree = BUILT_PRODUCTS_DIR; };
		A20000000000000000000017 /* Assets.xcassets */ = {isa = PBXFileReference; lastKnownFileType = folder.assetcatalog; path = Assets.xcassets; sourceTree = "<group>"; };
		A20000000000000000000018 /* AddOnProject.swift */ = {isa = PBXFileReference; lastKnownFileType = sourcecode.swift; path = AddOnProject.swift; sourceTree = "<group>"; };
		A20000000000000000000019 /* BedrockContentProfile.swift */ = {isa = PBXFileReference; lastKnownFileType = sourcecode.swift; path = BedrockContentProfile.swift; sourceTree = "<group>"; };
		A20000000000000000000020 /* AddOnProjectValidation.swift */ = {isa = PBXFileReference; lastKnownFileType = sourcecode.swift; path = AddOnProjectValidation.swift; sourceTree = "<group>"; };
		A20000000000000000000021 /* BedrockDocuments.swift */ = {isa = PBXFileReference; lastKnownFileType = sourcecode.swift; path = BedrockDocuments.swift; sourceTree = "<group>"; };
		A20000000000000000000022 /* AddOnProjectTests.swift */ = {isa = PBXFileReference; lastKnownFileType = sourcecode.swift; path = AddOnProjectTests.swift; sourceTree = "<group>"; };
		A20000000000000000000023 /* OpenAIResponsesClientTests.swift */ = {isa = PBXFileReference; lastKnownFileType = sourcecode.swift; path = OpenAIResponsesClientTests.swift; sourceTree = "<group>"; };
		A20000000000000000000024 /* CreationViewModelTests.swift */ = {isa = PBXFileReference; lastKnownFileType = sourcecode.swift; path = CreationViewModelTests.swift; sourceTree = "<group>"; };
		A20000000000000000000025 /* GeneratedVanillaItemCatalog.swift */ = {isa = PBXFileReference; lastKnownFileType = sourcecode.swift; path = GeneratedVanillaItemCatalog.swift; sourceTree = "<group>"; };
		A20000000000000000000026 /* CraftberryUITests.swift */ = {isa = PBXFileReference; lastKnownFileType = sourcecode.swift; path = CraftberryUITests.swift; sourceTree = "<group>"; };
		A20000000000000000000027 /* CraftberryUITests.xctest */ = {isa = PBXFileReference; explicitFileType = wrapper.cfbundle; path = CraftberryUITests.xctest; sourceTree = BUILT_PRODUCTS_DIR; };
		A20000000000000000000028 /* MinecraftHandoffUITests.swift */ = {isa = PBXFileReference; lastKnownFileType = sourcecode.swift; path = MinecraftHandoffUITests.swift; sourceTree = "<group>"; };
		A20000000000000000000029 /* MinecraftImportConfig.json */ = {isa = PBXFileReference; lastKnownFileType = text.json; path = MinecraftImportConfig.json; sourceTree = "<group>"; };
		A20000000000000000000030 /* MinecraftCoordinateTouchUITests.swift */ = {isa = PBXFileReference; lastKnownFileType = sourcecode.swift; path = MinecraftCoordinateTouchUITests.swift; sourceTree = "<group>"; };
		A20000000000000000000031 /* MinecraftDeviceE2EUITests.swift */ = {isa = PBXFileReference; lastKnownFileType = sourcecode.swift; path = MinecraftDeviceE2EUITests.swift; sourceTree = "<group>"; };
		A20000000000000000000032 /* MinecraftDeviceE2EConfig.json */ = {isa = PBXFileReference; lastKnownFileType = text.json; path = MinecraftDeviceE2EConfig.json; sourceTree = "<group>"; };
		A20000000000000000000033 /* MinecraftE2ESupportTests.swift */ = {isa = PBXFileReference; lastKnownFileType = sourcecode.swift; path = MinecraftE2ESupportTests.swift; sourceTree = "<group>"; };
		A20000000000000000000034 /* MinecraftE2EModels.swift */ = {isa = PBXFileReference; lastKnownFileType = sourcecode.swift; path = MinecraftE2EModels.swift; sourceTree = "<group>"; };
		A20000000000000000000035 /* MinecraftCalibratedLayout.swift */ = {isa = PBXFileReference; lastKnownFileType = sourcecode.swift; path = MinecraftCalibratedLayout.swift; sourceTree = "<group>"; };
		A20000000000000000000036 /* MinecraftCraftingPlanCompiler.swift */ = {isa = PBXFileReference; lastKnownFileType = sourcecode.swift; path = MinecraftCraftingPlanCompiler.swift; sourceTree = "<group>"; };
		A20000000000000000000037 /* XCTestEvidenceHelpers.swift */ = {isa = PBXFileReference; lastKnownFileType = sourcecode.swift; path = XCTestEvidenceHelpers.swift; sourceTree = "<group>"; };
		A20000000000000000000038 /* MinecraftCommandKeyboard.swift */ = {isa = PBXFileReference; lastKnownFileType = sourcecode.swift; path = MinecraftCommandKeyboard.swift; sourceTree = "<group>"; };
		A20000000000000000000039 /* MinecraftInspection.swift */ = {isa = PBXFileReference; lastKnownFileType = sourcecode.swift; path = MinecraftInspection.swift; sourceTree = "<group>"; };
		A20000000000000000000040 /* MinecraftE2EHarness.swift */ = {isa = PBXFileReference; lastKnownFileType = sourcecode.swift; path = MinecraftE2EHarness.swift; sourceTree = "<group>"; };
		A20000000000000000000045 /* MinecraftStepExecutor.swift */ = {isa = PBXFileReference; lastKnownFileType = sourcecode.swift; path = MinecraftStepExecutor.swift; sourceTree = "<group>"; };
		A20000000000000000000046 /* MinecraftDebuggerConsole.swift */ = {isa = PBXFileReference; lastKnownFileType = sourcecode.swift; path = MinecraftDebuggerConsole.swift; sourceTree = "<group>"; };
		A20000000000000000000047 /* MinecraftCalibrationProtocol.swift */ = {isa = PBXFileReference; lastKnownFileType = sourcecode.swift; path = MinecraftCalibrationProtocol.swift; sourceTree = "<group>"; };
		A20000000000000000000048 /* MinecraftCalibrationController.swift */ = {isa = PBXFileReference; lastKnownFileType = sourcecode.swift; path = MinecraftCalibrationController.swift; sourceTree = "<group>"; };
		A20000000000000000000049 /* MinecraftCalibrationServer.swift */ = {isa = PBXFileReference; lastKnownFileType = sourcecode.swift; path = MinecraftCalibrationServer.swift; sourceTree = "<group>"; };
		A20000000000000000000050 /* MinecraftCalibrationHarness.swift */ = {isa = PBXFileReference; lastKnownFileType = sourcecode.swift; path = MinecraftCalibrationHarness.swift; sourceTree = "<group>"; };
		A20000000000000000000051 /* MinecraftCalibrationUITests.swift */ = {isa = PBXFileReference; lastKnownFileType = sourcecode.swift; path = MinecraftCalibrationUITests.swift; sourceTree = "<group>"; };
		A20000000000000000000041 /* RecipeBook.swift */ = {isa = PBXFileReference; lastKnownFileType = sourcecode.swift; path = RecipeBook.swift; sourceTree = "<group>"; };
/* End PBXFileReference section */

/* Begin PBXFrameworksBuildPhase section */
		A30000000000000000000001 /* Frameworks */ = {
			isa = PBXFrameworksBuildPhase;
			buildActionMask = 2147483647;
			files = (
			);
			runOnlyForDeploymentPostprocessing = 0;
		};
		A30000000000000000000002 /* Frameworks */ = {
			isa = PBXFrameworksBuildPhase;
			buildActionMask = 2147483647;
			files = (
			);
			runOnlyForDeploymentPostprocessing = 0;
		};
		A30000000000000000000003 /* Frameworks */ = {
			isa = PBXFrameworksBuildPhase;
			buildActionMask = 2147483647;
			files = (
			);
			runOnlyForDeploymentPostprocessing = 0;
		};
/* End PBXFrameworksBuildPhase section */

/* Begin PBXGroup section */
		A40000000000000000000001 = {
			isa = PBXGroup;
			children = (
				A40000000000000000000002 /* Craftberry */,
				A40000000000000000000006 /* CraftberryTests */,
				A40000000000000000000011 /* CraftberryUITests */,
				A40000000000000000000007 /* Config */,
				A40000000000000000000008 /* Products */,
			);
			sourceTree = "<group>";
		};
		A40000000000000000000002 /* Craftberry */ = {
			isa = PBXGroup;
			children = (
				A20000000000000000000017 /* Assets.xcassets */,
				A40000000000000000000003 /* App */,
				A40000000000000000000004 /* Core/Domain */,
				A40000000000000000000005 /* Core/Services */,
			);
			path = Craftberry;
			sourceTree = "<group>";
		};
		A40000000000000000000003 /* App */ = {
			isa = PBXGroup;
			children = (
				A20000000000000000000001 /* CraftberryApp.swift */,
				A20000000000000000000002 /* CreationView.swift */,
				A20000000000000000000003 /* CreationViewModel.swift */,
				A20000000000000000000042 /* ExamplePromptLibrary.swift */,
				A20000000000000000000013 /* Info.plist */,
			);
			path = App;
			sourceTree = "<group>";
		};
		A40000000000000000000004 /* Core/Domain */ = {
			isa = PBXGroup;
			children = (
				A20000000000000000000004 /* ContentIdentity.swift */,
				A20000000000000000000018 /* AddOnProject.swift */,
				A20000000000000000000019 /* BedrockContentProfile.swift */,
				A20000000000000000000020 /* AddOnProjectValidation.swift */,
				A20000000000000000000025 /* GeneratedVanillaItemCatalog.swift */,
				A20000000000000000000041 /* RecipeBook.swift */,
			);
			path = Core/Domain;
			sourceTree = "<group>";
		};
		A40000000000000000000005 /* Core/Services */ = {
			isa = PBXGroup;
			children = (
				A40000000000000000000009 /* AI */,
				A40000000000000000000010 /* Bedrock */,
			);
			path = Core/Services;
			sourceTree = "<group>";
		};
		A40000000000000000000006 /* CraftberryTests */ = {
			isa = PBXGroup;
			children = (
				A20000000000000000000011 /* ContentIdentityTests.swift */,
				A20000000000000000000012 /* BedrockCompilerTests.swift */,
				A20000000000000000000022 /* AddOnProjectTests.swift */,
				A20000000000000000000023 /* OpenAIResponsesClientTests.swift */,
				A20000000000000000000024 /* CreationViewModelTests.swift */,
				A20000000000000000000043 /* ExamplePromptLibraryTests.swift */,
				A20000000000000000000044 /* PixelArtTextureRendererTests.swift */,
			);
			path = CraftberryTests;
			sourceTree = "<group>";
		};
		A40000000000000000000011 /* CraftberryUITests */ = {
			isa = PBXGroup;
			children = (
				A20000000000000000000026 /* CraftberryUITests.swift */,
				A20000000000000000000028 /* MinecraftHandoffUITests.swift */,
				A20000000000000000000030 /* MinecraftCoordinateTouchUITests.swift */,
				A20000000000000000000031 /* MinecraftDeviceE2EUITests.swift */,
				A20000000000000000000033 /* MinecraftE2ESupportTests.swift */,
				A20000000000000000000051 /* MinecraftCalibrationUITests.swift */,
				A40000000000000000000012 /* Support */,
				A20000000000000000000029 /* MinecraftImportConfig.json */,
				A20000000000000000000032 /* MinecraftDeviceE2EConfig.json */,
			);
			path = CraftberryUITests;
			sourceTree = "<group>";
		};
		A40000000000000000000012 /* Support */ = {
			isa = PBXGroup;
			children = (
				A20000000000000000000034 /* MinecraftE2EModels.swift */,
				A20000000000000000000035 /* MinecraftCalibratedLayout.swift */,
				A20000000000000000000036 /* MinecraftCraftingPlanCompiler.swift */,
				A20000000000000000000037 /* XCTestEvidenceHelpers.swift */,
				A20000000000000000000038 /* MinecraftCommandKeyboard.swift */,
				A20000000000000000000039 /* MinecraftInspection.swift */,
				A20000000000000000000040 /* MinecraftE2EHarness.swift */,
				A20000000000000000000045 /* MinecraftStepExecutor.swift */,
				A20000000000000000000046 /* MinecraftDebuggerConsole.swift */,
				A20000000000000000000047 /* MinecraftCalibrationProtocol.swift */,
				A20000000000000000000048 /* MinecraftCalibrationController.swift */,
				A20000000000000000000049 /* MinecraftCalibrationServer.swift */,
				A20000000000000000000050 /* MinecraftCalibrationHarness.swift */,
			);
			path = Support;
			sourceTree = "<group>";
		};
		A40000000000000000000007 /* Config */ = {
			isa = PBXGroup;
			children = (
				A20000000000000000000014 /* Debug.xcconfig */,
			);
			path = Config;
			sourceTree = "<group>";
		};
		A40000000000000000000008 /* Products */ = {
			isa = PBXGroup;
			children = (
				A20000000000000000000015 /* Craftberry.app */,
				A20000000000000000000016 /* CraftberryTests.xctest */,
				A20000000000000000000027 /* CraftberryUITests.xctest */,
			);
			name = Products;
			sourceTree = "<group>";
		};
		A40000000000000000000009 /* AI */ = {
			isa = PBXGroup;
			children = (
				A20000000000000000000005 /* ProjectGeneration.swift */,
				A20000000000000000000006 /* OpenAIResponsesClient.swift */,
			);
			path = AI;
			sourceTree = "<group>";
		};
		A40000000000000000000010 /* Bedrock */ = {
			isa = PBXGroup;
			children = (
				A20000000000000000000007 /* BinaryEncoding.swift */,
				A20000000000000000000008 /* PNG.swift */,
				A20000000000000000000009 /* ZipArchive.swift */,
				A20000000000000000000010 /* BedrockAddOnCompiler.swift */,
				A20000000000000000000021 /* BedrockDocuments.swift */,
			);
			path = Bedrock;
			sourceTree = "<group>";
		};
/* End PBXGroup section */

/* Begin PBXNativeTarget section */
		A50000000000000000000001 /* Craftberry */ = {
			isa = PBXNativeTarget;
			buildConfigurationList = A60000000000000000000001 /* Build configuration list for PBXNativeTarget "Craftberry" */;
			buildPhases = (
				A30000000000000000000001 /* Frameworks */,
				A70000000000000000000001 /* Sources */,
				A80000000000000000000001 /* Resources */,
			);
			buildRules = (
			);
			dependencies = (
			);
			name = Craftberry;
			productName = Craftberry;
			productReference = A20000000000000000000015 /* Craftberry.app */;
			productType = "com.apple.product-type.application";
		};
		A50000000000000000000002 /* CraftberryTests */ = {
			isa = PBXNativeTarget;
			buildConfigurationList = A60000000000000000000002 /* Build configuration list for PBXNativeTarget "CraftberryTests" */;
			buildPhases = (
				A30000000000000000000002 /* Frameworks */,
				A70000000000000000000002 /* Sources */,
				A80000000000000000000002 /* Resources */,
			);
			buildRules = (
			);
			dependencies = (
				A90000000000000000000001 /* PBXTargetDependency */,
			);
			name = CraftberryTests;
			productName = CraftberryTests;
			productReference = A20000000000000000000016 /* CraftberryTests.xctest */;
			productType = "com.apple.product-type.bundle.unit-test";
		};
		A50000000000000000000003 /* CraftberryUITests */ = {
			isa = PBXNativeTarget;
			buildConfigurationList = A60000000000000000000010 /* Build configuration list for PBXNativeTarget "CraftberryUITests" */;
			buildPhases = (
				A30000000000000000000003 /* Frameworks */,
				A70000000000000000000003 /* Sources */,
				A80000000000000000000003 /* Resources */,
			);
			buildRules = (
			);
			dependencies = (
				A90000000000000000000004 /* PBXTargetDependency */,
			);
			name = CraftberryUITests;
			productName = CraftberryUITests;
			productReference = A20000000000000000000027 /* CraftberryUITests.xctest */;
			productType = "com.apple.product-type.bundle.ui-testing";
		};
/* End PBXNativeTarget section */

/* Begin PBXProject section */
		A00000000000000000000001 /* Project object */ = {
			isa = PBXProject;
			attributes = {
				LastSwiftUpdateCheck = 1600;
				LastUpgradeCheck = 1600;
				TargetAttributes = {
					A50000000000000000000001 = {
						CreatedOnToolsVersion = 16.0;
					};
					A50000000000000000000002 = {
						CreatedOnToolsVersion = 16.0;
						TestTargetID = A50000000000000000000001;
					};
					A50000000000000000000003 = {
						CreatedOnToolsVersion = 16.0;
						TestTargetID = A50000000000000000000001;
					};
				};
			};
			buildConfigurationList = A60000000000000000000003 /* Build configuration list for PBXProject "Craftberry" */;
			compatibilityVersion = "Xcode 14.0";
			developmentRegion = en;
			hasScannedForEncodings = 0;
			knownRegions = (
				en,
				Base,
			);
			mainGroup = A40000000000000000000001;
			productRefGroup = A40000000000000000000008 /* Products */;
			projectDirPath = "";
			projectRoot = "";
			targets = (
				A50000000000000000000001 /* Craftberry */,
				A50000000000000000000002 /* CraftberryTests */,
				A50000000000000000000003 /* CraftberryUITests */,
			);
		};
/* End PBXProject section */

/* Begin PBXResourcesBuildPhase section */
		A80000000000000000000001 /* Resources */ = {
			isa = PBXResourcesBuildPhase;
			buildActionMask = 2147483647;
			files = (
				A10000000000000000000013 /* Assets.xcassets in Resources */,
			);
			runOnlyForDeploymentPostprocessing = 0;
		};
		A80000000000000000000002 /* Resources */ = {
			isa = PBXResourcesBuildPhase;
			buildActionMask = 2147483647;
			files = (
			);
			runOnlyForDeploymentPostprocessing = 0;
		};
		A80000000000000000000003 /* Resources */ = {
			isa = PBXResourcesBuildPhase;
			buildActionMask = 2147483647;
			files = (
				A10000000000000000000024 /* MinecraftImportConfig.json in Resources */,
				A10000000000000000000027 /* MinecraftDeviceE2EConfig.json in Resources */,
			);
			runOnlyForDeploymentPostprocessing = 0;
		};
/* End PBXResourcesBuildPhase section */

/* Begin PBXSourcesBuildPhase section */
		A70000000000000000000001 /* Sources */ = {
			isa = PBXSourcesBuildPhase;
			buildActionMask = 2147483647;
			files = (
				A10000000000000000000001 /* CraftberryApp.swift in Sources */,
				A10000000000000000000002 /* CreationView.swift in Sources */,
				A10000000000000000000003 /* CreationViewModel.swift in Sources */,
				A10000000000000000000004 /* ContentIdentity.swift in Sources */,
				A10000000000000000000005 /* ProjectGeneration.swift in Sources */,
				A10000000000000000000006 /* OpenAIResponsesClient.swift in Sources */,
				A10000000000000000000007 /* BinaryEncoding.swift in Sources */,
				A10000000000000000000008 /* PNG.swift in Sources */,
				A10000000000000000000009 /* ZipArchive.swift in Sources */,
				A10000000000000000000010 /* BedrockAddOnCompiler.swift in Sources */,
				A10000000000000000000014 /* AddOnProject.swift in Sources */,
				A10000000000000000000015 /* BedrockContentProfile.swift in Sources */,
				A10000000000000000000016 /* AddOnProjectValidation.swift in Sources */,
				A10000000000000000000017 /* BedrockDocuments.swift in Sources */,
				A10000000000000000000021 /* GeneratedVanillaItemCatalog.swift in Sources */,
				A10000000000000000000036 /* RecipeBook.swift in Sources */,
				A10000000000000000000037 /* ExamplePromptLibrary.swift in Sources */,
			);
			runOnlyForDeploymentPostprocessing = 0;
		};
		A70000000000000000000002 /* Sources */ = {
			isa = PBXSourcesBuildPhase;
			buildActionMask = 2147483647;
			files = (
				A10000000000000000000011 /* ContentIdentityTests.swift in Sources */,
				A10000000000000000000012 /* BedrockCompilerTests.swift in Sources */,
				A10000000000000000000018 /* AddOnProjectTests.swift in Sources */,
				A10000000000000000000019 /* OpenAIResponsesClientTests.swift in Sources */,
				A10000000000000000000020 /* CreationViewModelTests.swift in Sources */,
				A10000000000000000000038 /* ExamplePromptLibraryTests.swift in Sources */,
				A10000000000000000000039 /* PixelArtTextureRendererTests.swift in Sources */,
			);
			runOnlyForDeploymentPostprocessing = 0;
		};
		A70000000000000000000003 /* Sources */ = {
			isa = PBXSourcesBuildPhase;
			buildActionMask = 2147483647;
			files = (
				A10000000000000000000022 /* CraftberryUITests.swift in Sources */,
				A10000000000000000000023 /* MinecraftHandoffUITests.swift in Sources */,
				A10000000000000000000025 /* MinecraftCoordinateTouchUITests.swift in Sources */,
				A10000000000000000000026 /* MinecraftDeviceE2EUITests.swift in Sources */,
				A10000000000000000000028 /* MinecraftE2ESupportTests.swift in Sources */,
				A10000000000000000000051 /* MinecraftCalibrationUITests.swift in Sources */,
				A10000000000000000000029 /* MinecraftE2EModels.swift in Sources */,
				A10000000000000000000030 /* MinecraftCalibratedLayout.swift in Sources */,
				A10000000000000000000031 /* MinecraftCraftingPlanCompiler.swift in Sources */,
				A10000000000000000000032 /* XCTestEvidenceHelpers.swift in Sources */,
				A10000000000000000000033 /* MinecraftCommandKeyboard.swift in Sources */,
				A10000000000000000000034 /* MinecraftInspection.swift in Sources */,
				A10000000000000000000035 /* MinecraftE2EHarness.swift in Sources */,
				A10000000000000000000040 /* MinecraftStepExecutor.swift in Sources */,
				A10000000000000000000041 /* MinecraftDebuggerConsole.swift in Sources */,
				A10000000000000000000047 /* MinecraftCalibrationProtocol.swift in Sources */,
				A10000000000000000000048 /* MinecraftCalibrationController.swift in Sources */,
				A10000000000000000000049 /* MinecraftCalibrationServer.swift in Sources */,
				A10000000000000000000050 /* MinecraftCalibrationHarness.swift in Sources */,
			);
			runOnlyForDeploymentPostprocessing = 0;
		};
/* End PBXSourcesBuildPhase section */

/* Begin PBXTargetDependency section */
		A90000000000000000000001 /* PBXTargetDependency */ = {
			isa = PBXTargetDependency;
			target = A50000000000000000000001 /* Craftberry */;
			targetProxy = A90000000000000000000002 /* PBXContainerItemProxy */;
		};
		A90000000000000000000004 /* PBXTargetDependency */ = {
			isa = PBXTargetDependency;
			target = A50000000000000000000001 /* Craftberry */;
			targetProxy = A90000000000000000000003 /* PBXContainerItemProxy */;
		};
/* End PBXTargetDependency section */

/* Begin XCBuildConfiguration section */
		A60000000000000000000004 /* Debug */ = {
			isa = XCBuildConfiguration;
			baseConfigurationReference = A20000000000000000000014 /* Debug.xcconfig */;
			buildSettings = {
				ALWAYS_SEARCH_USER_PATHS = NO;
				CLANG_ENABLE_MODULES = YES;
				SWIFT_VERSION = 5.0;
			};
			name = Debug;
		};
		A60000000000000000000005 /* Release */ = {
			isa = XCBuildConfiguration;
			buildSettings = {
				ALWAYS_SEARCH_USER_PATHS = NO;
				CLANG_ENABLE_MODULES = YES;
				SWIFT_VERSION = 5.0;
			};
			name = Release;
		};
		A60000000000000000000006 /* Debug */ = {
			isa = XCBuildConfiguration;
			baseConfigurationReference = A20000000000000000000014 /* Debug.xcconfig */;
			buildSettings = {
				CODE_SIGN_STYLE = Automatic;
				ASSETCATALOG_COMPILER_APPICON_NAME = AppIcon;
				DEVELOPMENT_TEAM = N3G3T6D9G9;
				ENABLE_TESTABILITY = YES;
				GENERATE_INFOPLIST_FILE = NO;
				INFOPLIST_FILE = Craftberry/App/Info.plist;
				IPHONEOS_DEPLOYMENT_TARGET = 17.0;
				PRODUCT_BUNDLE_IDENTIFIER = com.craftberry.app;
				PRODUCT_NAME = "$(TARGET_NAME)";
				SDKROOT = iphoneos;
				SWIFT_ACTIVE_COMPILATION_CONDITIONS = DEBUG;
				SWIFT_OPTIMIZATION_LEVEL = "-Onone";
				TARGETED_DEVICE_FAMILY = "1,2";
			};
			name = Debug;
		};
		A60000000000000000000007 /* Release */ = {
			isa = XCBuildConfiguration;
			buildSettings = {
				CODE_SIGN_STYLE = Automatic;
				ASSETCATALOG_COMPILER_APPICON_NAME = AppIcon;
				DEVELOPMENT_TEAM = N3G3T6D9G9;
				GENERATE_INFOPLIST_FILE = NO;
				INFOPLIST_FILE = Craftberry/App/Info.plist;
				IPHONEOS_DEPLOYMENT_TARGET = 17.0;
				PRODUCT_BUNDLE_IDENTIFIER = com.craftberry.app;
				PRODUCT_NAME = "$(TARGET_NAME)";
				SDKROOT = iphoneos;
				TARGETED_DEVICE_FAMILY = "1,2";
			};
			name = Release;
		};
		A60000000000000000000008 /* Debug */ = {
			isa = XCBuildConfiguration;
			buildSettings = {
				BUNDLE_LOADER = "$(TEST_HOST)";
				CODE_SIGN_STYLE = Automatic;
				DEVELOPMENT_TEAM = N3G3T6D9G9;
				GENERATE_INFOPLIST_FILE = YES;
				IPHONEOS_DEPLOYMENT_TARGET = 17.0;
				PRODUCT_BUNDLE_IDENTIFIER = com.craftberry.app.tests;
				PRODUCT_NAME = "$(TARGET_NAME)";
				SDKROOT = iphoneos;
				SWIFT_VERSION = 5.0;
				TEST_HOST = "$(BUILT_PRODUCTS_DIR)/Craftberry.app/Craftberry";
			};
			name = Debug;
		};
		A60000000000000000000009 /* Release */ = {
			isa = XCBuildConfiguration;
			buildSettings = {
				BUNDLE_LOADER = "$(TEST_HOST)";
				CODE_SIGN_STYLE = Automatic;
				DEVELOPMENT_TEAM = N3G3T6D9G9;
				GENERATE_INFOPLIST_FILE = YES;
				IPHONEOS_DEPLOYMENT_TARGET = 17.0;
				PRODUCT_BUNDLE_IDENTIFIER = com.craftberry.app.tests;
				PRODUCT_NAME = "$(TARGET_NAME)";
				SDKROOT = iphoneos;
				SWIFT_VERSION = 5.0;
				TEST_HOST = "$(BUILT_PRODUCTS_DIR)/Craftberry.app/Craftberry";
			};
			name = Release;
		};
		A60000000000000000000011 /* Debug */ = {
			isa = XCBuildConfiguration;
			buildSettings = {
				CODE_SIGN_STYLE = Automatic;
				DEVELOPMENT_TEAM = N3G3T6D9G9;
				GENERATE_INFOPLIST_FILE = YES;
				IPHONEOS_DEPLOYMENT_TARGET = 17.0;
				PRODUCT_BUNDLE_IDENTIFIER = com.craftberry.app.uitests;
				PRODUCT_NAME = "$(TARGET_NAME)";
				SDKROOT = iphoneos;
				SWIFT_VERSION = 5.0;
				TARGETED_DEVICE_FAMILY = "1,2";
				TEST_TARGET_NAME = Craftberry;
			};
			name = Debug;
		};
		A60000000000000000000012 /* Release */ = {
			isa = XCBuildConfiguration;
			buildSettings = {
				CODE_SIGN_STYLE = Automatic;
				DEVELOPMENT_TEAM = N3G3T6D9G9;
				GENERATE_INFOPLIST_FILE = YES;
				IPHONEOS_DEPLOYMENT_TARGET = 17.0;
				PRODUCT_BUNDLE_IDENTIFIER = com.craftberry.app.uitests;
				PRODUCT_NAME = "$(TARGET_NAME)";
				SDKROOT = iphoneos;
				SWIFT_VERSION = 5.0;
				TARGETED_DEVICE_FAMILY = "1,2";
				TEST_TARGET_NAME = Craftberry;
			};
			name = Release;
		};
/* End XCBuildConfiguration section */

/* Begin XCConfigurationList section */
		A60000000000000000000001 /* Build configuration list for PBXNativeTarget "Craftberry" */ = {
			isa = XCConfigurationList;
			buildConfigurations = (
				A60000000000000000000006 /* Debug */,
				A60000000000000000000007 /* Release */,
			);
			defaultConfigurationIsVisible = 0;
			defaultConfigurationName = Release;
		};
		A60000000000000000000002 /* Build configuration list for PBXNativeTarget "CraftberryTests" */ = {
			isa = XCConfigurationList;
			buildConfigurations = (
				A60000000000000000000008 /* Debug */,
				A60000000000000000000009 /* Release */,
			);
			defaultConfigurationIsVisible = 0;
			defaultConfigurationName = Release;
		};
		A60000000000000000000010 /* Build configuration list for PBXNativeTarget "CraftberryUITests" */ = {
			isa = XCConfigurationList;
			buildConfigurations = (
				A60000000000000000000011 /* Debug */,
				A60000000000000000000012 /* Release */,
			);
			defaultConfigurationIsVisible = 0;
			defaultConfigurationName = Release;
		};
		A60000000000000000000003 /* Build configuration list for PBXProject "Craftberry" */ = {
			isa = XCConfigurationList;
			buildConfigurations = (
				A60000000000000000000004 /* Debug */,
				A60000000000000000000005 /* Release */,
			);
			defaultConfigurationIsVisible = 0;
			defaultConfigurationName = Release;
		};
/* End XCConfigurationList section */
	};
	rootObject = A00000000000000000000001 /* Project object */;
}
